// !$*UTF8*$!
{
	archiveVersion = 1;
	classes = {
	};
	objectVersion = 50;
	objects = {

/* Begin PBXBuildFile section */
		1EAE3FD2266AFA3C00513993 /* AppDelegate.swift in Sources */ = {isa = PBXBuildFile; fileRef = 1EAE3FD1266AFA3C00513993 /* AppDelegate.swift */; };
		1EAE3FD4266AFA3C00513993 /* SceneDelegate.swift in Sources */ = {isa = PBXBuildFile; fileRef = 1EAE3FD3266AFA3C00513993 /* SceneDelegate.swift */; };
		1EAE3FD9266AFA3C00513993 /* Main.storyboard in Resources */ = {isa = PBXBuildFile; fileRef = 1EAE3FD7266AFA3C00513993 /* Main.storyboard */; };
		1EAE3FDB266AFA5100513993 /* Assets.xcassets in Resources */ = {isa = PBXBuildFile; fileRef = 1EAE3FDA266AFA5100513993 /* Assets.xcassets */; };
		1EAE3FDE266AFA5100513993 /* LaunchScreen.storyboard in Resources */ = {isa = PBXBuildFile; fileRef = 1EAE3FDC266AFA5100513993 /* LaunchScreen.storyboard */; };
		1EAE3FE6266AFD0500513993 /* ViewController.swift in Sources */ = {isa = PBXBuildFile; fileRef = 1EAE3FE5266AFD0500513993 /* ViewController.swift */; };
		1EAE3FE9266B0DA700513993 /* ImageTableViewCell.swift in Sources */ = {isa = PBXBuildFile; fileRef = 1EAE3FE7266B0DA700513993 /* ImageTableViewCell.swift */; };
		1EAE3FEA266B0DA700513993 /* ImageTableViewCell.xib in Resources */ = {isa = PBXBuildFile; fileRef = 1EAE3FE8266B0DA700513993 /* ImageTableViewCell.xib */; };
		1EAE3FEC266B1B6000513993 /* ImageFetcher.swift in Sources */ = {isa = PBXBuildFile; fileRef = 1EAE3FEB266B1B6000513993 /* ImageFetcher.swift */; };
/* End PBXBuildFile section */

/* Begin PBXFileReference section */
		1EAE3FCE266AFA3C00513993 /* ImageLoader.app */ = {isa = PBXFileReference; explicitFileType = wrapper.application; includeInIndex = 0; path = ImageLoader.app; sourceTree = BUILT_PRODUCTS_DIR; };
		1EAE3FD1266AFA3C00513993 /* AppDelegate.swift */ = {isa = PBXFileReference; lastKnownFileType = sourcecode.swift; path = AppDelegate.swift; sourceTree = "<group>"; };
		1EAE3FD3266AFA3C00513993 /* SceneDelegate.swift */ = {isa = PBXFileReference; lastKnownFileType = sourcecode.swift; path = SceneDelegate.swift; sourceTree = "<group>"; };
		1EAE3FD8266AFA3C00513993 /* Base */ = {isa = PBXFileReference; lastKnownFileType = file.storyboard; name = Base; path = Base.lproj/Main.storyboard; sourceTree = "<group>"; };
		1EAE3FDA266AFA5100513993 /* Assets.xcassets */ = {isa = PBXFileReference; lastKnownFileType = folder.assetcatalog; path = Assets.xcassets; sourceTree = "<group>"; };
		1EAE3FDD266AFA5100513993 /* Base */ = {isa = PBXFileReference; lastKnownFileType = file.storyboard; name = Base; path = Base.lproj/LaunchScreen.storyboard; sourceTree = "<group>"; };
		1EAE3FDF266AFA5100513993 /* Info.plist */ = {isa = PBXFileReference; lastKnownFileType = text.plist.xml; path = Info.plist; sourceTree = "<group>"; };
		1EAE3FE5266AFD0500513993 /* ViewController.swift */ = {isa = PBXFileReference; lastKnownFileType = sourcecode.swift; path = ViewController.swift; sourceTree = "<group>"; };
		1EAE3FE7266B0DA700513993 /* ImageTableViewCell.swift */ = {isa = PBXFileReference; lastKnownFileType = sourcecode.swift; path = ImageTableViewCell.swift; sourceTree = "<group>"; };
		1EAE3FE8266B0DA700513993 /* ImageTableViewCell.xib */ = {isa = PBXFileReference; lastKnownFileType = file.xib; path = ImageTableViewCell.xib; sourceTree = "<group>"; };
		1EAE3FEB266B1B6000513993 /* ImageFetcher.swift */ = {isa = PBXFileReference; lastKnownFileType = sourcecode.swift; path = ImageFetcher.swift; sourceTree = "<group>"; };
/* End PBXFileReference section */

/* Begin PBXFrameworksBuildPhase section */
		1EAE3FCB266AFA3C00513993 /* Frameworks */ = {
			isa = PBXFrameworksBuildPhase;
			buildActionMask = 2147483647;
			files = (
			);
			runOnlyForDeploymentPostprocessing = 0;
		};
/* End PBXFrameworksBuildPhase section */

/* Begin PBXGroup section */
		1EAE3FC5266AFA3C00513993 = {
			isa = PBXGroup;
			children = (
				1EAE3FD0266AFA3C00513993 /* ImageLoader */,
				1EAE3FCF266AFA3C00513993 /* Products */,
			);
			sourceTree = "<group>";
		};
		1EAE3FCF266AFA3C00513993 /* Products */ = {
			isa = PBXGroup;
			children = (
				1EAE3FCE266AFA3C00513993 /* ImageLoader.app */,
			);
			name = Products;
			sourceTree = "<group>";
		};
		1EAE3FD0266AFA3C00513993 /* ImageLoader */ = {
			isa = PBXGroup;
			children = (
				1EAE3FED266B1C4700513993 /* SupportingFiles */,
				1EAE3FEF266B1C9B00513993 /* Model */,
				1EAE3FF0266B1CA900513993 /* View */,
				1EAE3FEE266B1C7D00513993 /* Controller */,
				1EAE3FDF266AFA5100513993 /* Info.plist */,
			);
			path = ImageLoader;
			sourceTree = "<group>";
		};
		1EAE3FED266B1C4700513993 /* SupportingFiles */ = {
			isa = PBXGroup;
			children = (
				1EAE3FD1266AFA3C00513993 /* AppDelegate.swift */,
				1EAE3FD3266AFA3C00513993 /* SceneDelegate.swift */,
				1EAE3FEB266B1B6000513993 /* ImageFetcher.swift */,
				1EAE3FDA266AFA5100513993 /* Assets.xcassets */,
			);
			path = SupportingFiles;
			sourceTree = "<group>";
		};
		1EAE3FEE266B1C7D00513993 /* Controller */ = {
			isa = PBXGroup;
			children = (
				1EAE3FE5266AFD0500513993 /* ViewController.swift */,
			);
			path = Controller;
			sourceTree = "<group>";
		};
		1EAE3FEF266B1C9B00513993 /* Model */ = {
			isa = PBXGroup;
			children = (
				1EAE3FE7266B0DA700513993 /* ImageTableViewCell.swift */,
			);
			path = Model;
			sourceTree = "<group>";
		};
		1EAE3FF0266B1CA900513993 /* View */ = {
			isa = PBXGroup;
			children = (
				1EAE3FE8266B0DA700513993 /* ImageTableViewCell.xib */,
				1EAE3FD7266AFA3C00513993 /* Main.storyboard */,
				1EAE3FDC266AFA5100513993 /* LaunchScreen.storyboard */,
			);
			path = View;
			sourceTree = "<group>";
		};
/* End PBXGroup section */

/* Begin PBXNativeTarget section */
		1EAE3FCD266AFA3C00513993 /* ImageLoader */ = {
			isa = PBXNativeTarget;
			buildConfigurationList = 1EAE3FE2266AFA5100513993 /* Build configuration list for PBXNativeTarget "ImageLoader" */;
			buildPhases = (
				1EAE3FCA266AFA3C00513993 /* Sources */,
				1EAE3FCB266AFA3C00513993 /* Frameworks */,
				1EAE3FCC266AFA3C00513993 /* Resources */,
			);
			buildRules = (
			);
			dependencies = (
			);
			name = ImageLoader;
			productName = ImageLoader;
			productReference = 1EAE3FCE266AFA3C00513993 /* ImageLoader.app */;
			productType = "com.apple.product-type.application";
		};
/* End PBXNativeTarget section */

/* Begin PBXProject section */
		1EAE3FC6266AFA3C00513993 /* Project object */ = {
			isa = PBXProject;
			attributes = {
				LastSwiftUpdateCheck = 1140;
				LastUpgradeCheck = 1140;
				ORGANIZATIONNAME = "GoldenWindGames LLC";
				TargetAttributes = {
					1EAE3FCD266AFA3C00513993 = {
						CreatedOnToolsVersion = 11.4;
					};
				};
			};
			buildConfigurationList = 1EAE3FC9266AFA3C00513993 /* Build configuration list for PBXProject "ImageLoader" */;
			compatibilityVersion = "Xcode 9.3";
			developmentRegion = en;
			hasScannedForEncodings = 0;
			knownRegions = (
				en,
				Base,
			);
			mainGroup = 1EAE3FC5266AFA3C00513993;
			productRefGroup = 1EAE3FCF266AFA3C00513993 /* Products */;
			projectDirPath = "";
			projectRoot = "";
			targets = (
				1EAE3FCD266AFA3C00513993 /* ImageLoader */,
			);
		};
/* End PBXProject section */

/* Begin PBXResourcesBuildPhase section */
		1EAE3FCC266AFA3C00513993 /* Resources */ = {
			isa = PBXResourcesBuildPhase;
			buildActionMask = 2147483647;
			files = (
				1EAE3FDE266AFA5100513993 /* LaunchScreen.storyboard in Resources */,
				1EAE3FEA266B0DA700513993 /* ImageTableViewCell.xib in Resources */,
				1EAE3FDB266AFA5100513993 /* Assets.xcassets in Resources */,
				1EAE3FD9266AFA3C00513993 /* Main.storyboard in Resources */,
			);
			runOnlyForDeploymentPostprocessing = 0;
		};
/* End PBXResourcesBuildPhase section */

/* Begin PBXSourcesBuildPhase section */
		1EAE3FCA266AFA3C00513993 /* Sources */ = {
			isa = PBXSourcesBuildPhase;
			buildActionMask = 2147483647;
			files = (
				1EAE3FE6266AFD0500513993 /* ViewController.swift in Sources */,
				1EAE3FE9266B0DA700513993 /* ImageTableViewCell.swift in Sources */,
				1EAE3FD2266AFA3C00513993 /* AppDelegate.swift in Sources */,
				1EAE3FD4266AFA3C00513993 /* SceneDelegate.swift in Sources */,
				1EAE3FEC266B1B6000513993 /* ImageFetcher.swift in Sources */,
			);
			runOnlyForDeploymentPostprocessing = 0;
		};
/* End PBXSourcesBuildPhase section */

/* Begin PBXVariantGroup section */
		1EAE3FD7266AFA3C00513993 /* Main.storyboard */ = {
			isa = PBXVariantGroup;
			children = (
				1EAE3FD8266AFA3C00513993 /* Base */,
			);
			name = Main.storyboard;
			sourceTree = "<group>";
		};
		1EAE3FDC266AFA5100513993 /* LaunchScreen.storyboard */ = {
			isa = PBXVariantGroup;
			children = (
				1EAE3FDD266AFA5100513993 /* Base */,
			);
			name = LaunchScreen.storyboard;
			sourceTree = "<group>";
		};
/* End PBXVariantGroup section */

/* Begin XCBuildConfiguration section */
		1EAE3FE0266AFA5100513993 /* Debug */ = {
			isa = XCBuildConfiguration;
			buildSettings = {
				ALWAYS_SEARCH_USER_PATHS = NO;
				CLANG_ANALYZER_NONNULL = YES;
				CLANG_ANALYZER_NUMBER_OBJECT_CONVERSION = YES_AGGRESSIVE;
				CLANG_CXX_LANGUAGE_STANDARD = "gnu++14";
				CLANG_CXX_LIBRARY = "libc++";
				CLANG_ENABLE_MODULES = YES;
				CLANG_ENABLE_OBJC_ARC = YES;
				CLANG_ENABLE_OBJC_WEAK = YES;
				CLANG_WARN_BLOCK_CAPTURE_AUTORELEASING = YES;
				CLANG_WARN_BOOL_CONVERSION = YES;
				CLANG_WARN_COMMA = YES;
				CLANG_WARN_CONSTANT_CONVERSION = YES;
				CLANG_WARN_DEPRECATED_OBJC_IMPLEMENTATIONS = YES;
				CLANG_WARN_DIRECT_OBJC_ISA_USAGE = YES_ERROR;
				CLANG_WARN_DOCUMENTATION_COMMENTS = YES;
				CLANG_WARN_EMPTY_BODY = YES;
				CLANG_WARN_ENUM_CONVERSION = YES;
				CLANG_WARN_INFINITE_RECURSION = YES;
				CLANG_WARN_INT_CONVERSION = YES;
				CLANG_WARN_NON_LITERAL_NULL_CONVERSION = YES;
				CLANG_WARN_OBJC_IMPLICIT_RETAIN_SELF = YES;
				CLANG_WARN_OBJC_LITERAL_CONVERSION = YES;
				CLANG_WARN_OBJC_ROOT_CLASS = YES_ERROR;
				CLANG_WARN_RANGE_LOOP_ANALYSIS = YES;
				CLANG_WARN_STRICT_PROTOTYPES = YES;
				CLANG_WARN_SUSPICIOUS_MOVE = YES;
				CLANG_WARN_UNGUARDED_AVAILABILITY = YES_AGGRESSIVE;
				CLANG_WARN_UNREACHABLE_CODE = YES;
				CLANG_WARN__DUPLICATE_METHOD_MATCH = YES;
				COPY_PHASE_STRIP = NO;
				DEBUG_INFORMATION_FORMAT = dwarf;
				ENABLE_STRICT_OBJC_MSGSEND = YES;
				ENABLE_TESTABILITY = YES;
				GCC_C_LANGUAGE_STANDARD = gnu11;
				GCC_DYNAMIC_NO_PIC = NO;
				GCC_NO_COMMON_BLOCKS = YES;
				GCC_OPTIMIZATION_LEVEL = 0;
				GCC_PREPROCESSOR_DEFINITIONS = (
					"DEBUG=1",
					"$(inherited)",
				);
				GCC_WARN_64_TO_32_BIT_CONVERSION = YES;
				GCC_WARN_ABOUT_RETURN_TYPE = YES_ERROR;
				GCC_WARN_UNDECLARED_SELECTOR = YES;
				GCC_WARN_UNINITIALIZED_AUTOS = YES_AGGRESSIVE;
				GCC_WARN_UNUSED_FUNCTION = YES;
				GCC_WARN_UNUSED_VARIABLE = YES;
				IPHONEOS_DEPLOYMENT_TARGET = 13.4;
				MTL_ENABLE_DEBUG_INFO = INCLUDE_SOURCE;
				MTL_FAST_MATH = YES;
				ONLY_ACTIVE_ARCH = YES;
				SDKROOT = iphoneos;
				SWIFT_ACTIVE_COMPILATION_CONDITIONS = DEBUG;
				SWIFT_OPTIMIZATION_LEVEL = "-Onone";
			};
			name = Debug;
		};
		1EAE3FE1266AFA5100513993 /* Release */ = {
			isa = XCBuildConfiguration;
			buildSettings = {
				ALWAYS_SEARCH_USER_PATHS = NO;
				CLANG_ANALYZER_NONNULL = YES;
				CLANG_ANALYZER_NUMBER_OBJECT_CONVERSION = YES_AGGRESSIVE;
				CLANG_CXX_LANGUAGE_STANDARD = "gnu++14";
				CLANG_CXX_LIBRARY = "libc++";
				CLANG_ENABLE_MODULES = YES;
				CLANG_ENABLE_OBJC_ARC = YES;
				CLANG_ENABLE_OBJC_WEAK = YES;
				CLANG_WARN_BLOCK_CAPTURE_AUTORELEASING = YES;
				CLANG_WARN_BOOL_CONVERSION = YES;
				CLANG_WARN_COMMA = YES;
				CLANG_WARN_CONSTANT_CONVERSION = YES;
				CLANG_WARN_DEPRECATED_OBJC_IMPLEMENTATIONS = YES;
				CLANG_WARN_DIRECT_OBJC_ISA_USAGE = YES_ERROR;
				CLANG_WARN_DOCUMENTATION_COMMENTS = YES;
				CLANG_WARN_EMPTY_BODY = YES;
				CLANG_WARN_ENUM_CONVERSION = YES;
				CLANG_WARN_INFINITE_RECURSION = YES;
				CLANG_WARN_INT_CONVERSION = YES;
				CLANG_WARN_NON_LITERAL_NULL_CONVERSION = YES;
				CLANG_WARN_OBJC_IMPLICIT_RETAIN_SELF = YES;
				CLANG_WARN_OBJC_LITERAL_CONVERSION = YES;
				CLANG_WARN_OBJC_ROOT_CLASS = YES_ERROR;
				CLANG_WARN_RANGE_LOOP_ANALYSIS = YES;
				CLANG_WARN_STRICT_PROTOTYPES = YES;
				CLANG_WARN_SUSPICIOUS_MOVE = YES;
				CLANG_WARN_UNGUARDED_AVAILABILITY = YES_AGGRESSIVE;
				CLANG_WARN_UNREACHABLE_CODE = YES;
				CLANG_WARN__DUPLICATE_METHOD_MATCH = YES;
				COPY_PHASE_STRIP = NO;
				DEBUG_INFORMATION_FORMAT = "dwarf-with-dsym";
				ENABLE_NS_ASSERTIONS = NO;
				ENABLE_STRICT_OBJC_MSGSEND = YES;
				GCC_C_LANGUAGE_STANDARD = gnu11;
				GCC_NO_COMMON_BLOCKS = YES;
				GCC_WARN_64_TO_32_BIT_CONVERSION = YES;
				GCC_WARN_ABOUT_RETURN_TYPE = YES_ERROR;
				GCC_WARN_UNDECLARED_SELECTOR = YES;
				GCC_WARN_UNINITIALIZED_AUTOS = YES_AGGRESSIVE;
				GCC_WARN_UNUSED_FUNCTION = YES;
				GCC_WARN_UNUSED_VARIABLE = YES;
				IPHONEOS_DEPLOYMENT_TARGET = 13.4;
				MTL_ENABLE_DEBUG_INFO = NO;
				MTL_FAST_MATH = YES;
				SDKROOT = iphoneos;
				SWIFT_COMPILATION_MODE = wholemodule;
				SWIFT_OPTIMIZATION_LEVEL = "-O";
				VALIDATE_PRODUCT = YES;
			};
			name = Release;
		};
		1EAE3FE3266AFA5100513993 /* Debug */ = {
			isa = XCBuildConfiguration;
			buildSettings = {
				ASSETCATALOG_COMPILER_APPICON_NAME = AppIcon;
				CODE_SIGN_STYLE = Automatic;
				INFOPLIST_FILE = ImageLoader/Info.plist;
				LD_RUNPATH_SEARCH_PATHS = (
					"$(inherited)",
					"@executable_path/Frameworks",
				);
				PRODUCT_BUNDLE_IDENTIFIER = com.gwg.ImageLoader;
				PRODUCT_NAME = "$(TARGET_NAME)";
				SWIFT_VERSION = 5.0;
				TARGETED_DEVICE_FAMILY = 1;
			};
			name = Debug;
		};
		1EAE3FE4266AFA5100513993 /* Release */ = {
			isa = XCBuildConfiguration;
			buildSettings = {
				ASSETCATALOG_COMPILER_APPICON_NAME = AppIcon;
				CODE_SIGN_STYLE = Automatic;
				INFOPLIST_FILE = ImageLoader/Info.plist;
				LD_RUNPATH_SEARCH_PATHS = (
					"$(inherited)",
					"@executable_path/Frameworks",
				);
				PRODUCT_BUNDLE_IDENTIFIER = com.gwg.ImageLoader;
				PRODUCT_NAME = "$(TARGET_NAME)";
				SWIFT_VERSION = 5.0;
				TARGETED_DEVICE_FAMILY = 1;
			};
			name = Release;
		};
/* End XCBuildConfiguration section */

/* Begin XCConfigurationList section */
		1EAE3FC9266AFA3C00513993 /* Build configuration list for PBXProject "ImageLoader" */ = {
			isa = XCConfigurationList;
			buildConfigurations = (
				1EAE3FE0266AFA5100513993 /* Debug */,
				1EAE3FE1266AFA5100513993 /* Release */,
			);
			defaultConfigurationIsVisible = 0;
			defaultConfigurationName = Release;
		};
		1EAE3FE2266AFA5100513993 /* Build configuration list for PBXNativeTarget "ImageLoader" */ = {
			isa = XCConfigurationList;
			buildConfigurations = (
				1EAE3FE3266AFA5100513993 /* Debug */,
				1EAE3FE4266AFA5100513993 /* Release */,
			);
			defaultConfigurationIsVisible = 0;
			defaultConfigurationName = Release;
		};
/* End XCConfigurationList section */
	};
	rootObject = 1EAE3FC6266AFA3C00513993 /* Project object */;
}
